// !$*UTF8*$!
{
	archiveVersion = 1;
	classes = {
	};
	objectVersion = 55;
	objects = {

/* Begin PBXBuildFile section */
		199A172E290107B5009CCB90 /* ListController.swift in Sources */ = {isa = PBXBuildFile; fileRef = 199A172D290107B5009CCB90 /* ListController.swift */; };
		19D6139228FEEAB300E032AD /* AppDelegate.swift in Sources */ = {isa = PBXBuildFile; fileRef = 19D6139128FEEAB300E032AD /* AppDelegate.swift */; };
		19D6139428FEEAB300E032AD /* SceneDelegate.swift in Sources */ = {isa = PBXBuildFile; fileRef = 19D6139328FEEAB300E032AD /* SceneDelegate.swift */; };
		19D6139628FEEAB300E032AD /* ViewController.swift in Sources */ = {isa = PBXBuildFile; fileRef = 19D6139528FEEAB300E032AD /* ViewController.swift */; };
		19D6139928FEEAB300E032AD /* Main.storyboard in Resources */ = {isa = PBXBuildFile; fileRef = 19D6139728FEEAB300E032AD /* Main.storyboard */; };
		19D6139B28FEEAB600E032AD /* Assets.xcassets in Resources */ = {isa = PBXBuildFile; fileRef = 19D6139A28FEEAB600E032AD /* Assets.xcassets */; };
		19D6139E28FEEAB600E032AD /* LaunchScreen.storyboard in Resources */ = {isa = PBXBuildFile; fileRef = 19D6139C28FEEAB600E032AD /* LaunchScreen.storyboard */; };
		19D613A928FEEAB600E032AD /* HelloTests.swift in Sources */ = {isa = PBXBuildFile; fileRef = 19D613A828FEEAB600E032AD /* HelloTests.swift */; };
		19D613B328FEEAB600E032AD /* HelloUITests.swift in Sources */ = {isa = PBXBuildFile; fileRef = 19D613B228FEEAB600E032AD /* HelloUITests.swift */; };
		19D613B528FEEAB600E032AD /* HelloUITestsLaunchTests.swift in Sources */ = {isa = PBXBuildFile; fileRef = 19D613B428FEEAB600E032AD /* HelloUITestsLaunchTests.swift */; };
/* End PBXBuildFile section */

/* Begin PBXContainerItemProxy section */
		19D613A528FEEAB600E032AD /* PBXContainerItemProxy */ = {
			isa = PBXContainerItemProxy;
			containerPortal = 19D6138628FEEAB300E032AD /* Project object */;
			proxyType = 1;
			remoteGlobalIDString = 19D6138D28FEEAB300E032AD;
			remoteInfo = Hello;
		};
		19D613AF28FEEAB600E032AD /* PBXContainerItemProxy */ = {
			isa = PBXContainerItemProxy;
			containerPortal = 19D6138628FEEAB300E032AD /* Project object */;
			proxyType = 1;
			remoteGlobalIDString = 19D6138D28FEEAB300E032AD;
			remoteInfo = Hello;
		};
/* End PBXContainerItemProxy section */

/* Begin PBXFileReference section */
		199A172D290107B5009CCB90 /* ListController.swift */ = {isa = PBXFileReference; lastKnownFileType = sourcecode.swift; path = ListController.swift; sourceTree = "<group>"; };
		19D6138E28FEEAB300E032AD /* Hello.app */ = {isa = PBXFileReference; explicitFileType = wrapper.application; includeInIndex = 0; path = Hello.app; sourceTree = BUILT_PRODUCTS_DIR; };
		19D6139128FEEAB300E032AD /* AppDelegate.swift */ = {isa = PBXFileReference; lastKnownFileType = sourcecode.swift; path = AppDelegate.swift; sourceTree = "<group>"; };
		19D6139328FEEAB300E032AD /* SceneDelegate.swift */ = {isa = PBXFileReference; lastKnownFileType = sourcecode.swift; path = SceneDelegate.swift; sourceTree = "<group>"; };
		19D6139528FEEAB300E032AD /* ViewController.swift */ = {isa = PBXFileReference; lastKnownFileType = sourcecode.swift; path = ViewController.swift; sourceTree = "<group>"; };
		19D6139828FEEAB300E032AD /* Base */ = {isa = PBXFileReference; lastKnownFileType = file.storyboard; name = Base; path = Base.lproj/Main.storyboard; sourceTree = "<group>"; };
		19D6139A28FEEAB600E032AD /* Assets.xcassets */ = {isa = PBXFileReference; lastKnownFileType = folder.assetcatalog; path = Assets.xcassets; sourceTree = "<group>"; };
		19D6139D28FEEAB600E032AD /* Base */ = {isa = PBXFileReference; lastKnownFileType = file.storyboard; name = Base; path = Base.lproj/LaunchScreen.storyboard; sourceTree = "<group>"; };
		19D6139F28FEEAB600E032AD /* Info.plist */ = {isa = PBXFileReference; lastKnownFileType = text.plist.xml; path = Info.plist; sourceTree = "<group>"; };
		19D613A428FEEAB600E032AD /* HelloTests.xctest */ = {isa = PBXFileReference; explicitFileType = wrapper.cfbundle; includeInIndex = 0; path = HelloTests.xctest; sourceTree = BUILT_PRODUCTS_DIR; };
		19D613A828FEEAB600E032AD /* HelloTests.swift */ = {isa = PBXFileReference; lastKnownFileType = sourcecode.swift; path = HelloTests.swift; sourceTree = "<group>"; };
		19D613AE28FEEAB600E032AD /* HelloUITests.xctest */ = {isa = PBXFileReference; explicitFileType = wrapper.cfbundle; includeInIndex = 0; path = HelloUITests.xctest; sourceTree = BUILT_PRODUCTS_DIR; };
		19D613B228FEEAB600E032AD /* HelloUITests.swift */ = {isa = PBXFileReference; lastKnownFileType = sourcecode.swift; path = HelloUITests.swift; sourceTree = "<group>"; };
		19D613B428FEEAB600E032AD /* HelloUITestsLaunchTests.swift */ = {isa = PBXFileReference; lastKnownFileType = sourcecode.swift; path = HelloUITestsLaunchTests.swift; sourceTree = "<group>"; };
/* End PBXFileReference section */

/* Begin PBXFrameworksBuildPhase section */
		19D6138B28FEEAB300E032AD /* Frameworks */ = {
			isa = PBXFrameworksBuildPhase;
			buildActionMask = 2147483647;
			files = (
			);
			runOnlyForDeploymentPostprocessing = 0;
		};
		19D613A128FEEAB600E032AD /* Frameworks */ = {
			isa = PBXFrameworksBuildPhase;
			buildActionMask = 2147483647;
			files = (
			);
			runOnlyForDeploymentPostprocessing = 0;
		};
		19D613AB28FEEAB600E032AD /* Frameworks */ = {
			isa = PBXFrameworksBuildPhase;
			buildActionMask = 2147483647;
			files = (
			);
			runOnlyForDeploymentPostprocessing = 0;
		};
/* End PBXFrameworksBuildPhase section */

/* Begin PBXGroup section */
		199A172C29010758009CCB90 /* Controller */ = {
			isa = PBXGroup;
			children = (
				199A172D290107B5009CCB90 /* ListController.swift */,
			);
			path = Controller;
			sourceTree = "<group>";
		};
		19D6138528FEEAB300E032AD = {
			isa = PBXGroup;
			children = (
				19D6139028FEEAB300E032AD /* Hello */,
				19D613A728FEEAB600E032AD /* HelloTests */,
				19D613B128FEEAB600E032AD /* HelloUITests */,
				19D6138F28FEEAB300E032AD /* Products */,
			);
			sourceTree = "<group>";
		};
		19D6138F28FEEAB300E032AD /* Products */ = {
			isa = PBXGroup;
			children = (
				19D6138E28FEEAB300E032AD /* Hello.app */,
				19D613A428FEEAB600E032AD /* HelloTests.xctest */,
				19D613AE28FEEAB600E032AD /* HelloUITests.xctest */,
			);
			name = Products;
			sourceTree = "<group>";
		};
		19D6139028FEEAB300E032AD /* Hello */ = {
			isa = PBXGroup;
			children = (
				199A172C29010758009CCB90 /* Controller */,
				19D6139128FEEAB300E032AD /* AppDelegate.swift */,
				19D6139328FEEAB300E032AD /* SceneDelegate.swift */,
				19D6139528FEEAB300E032AD /* ViewController.swift */,
				19D6139728FEEAB300E032AD /* Main.storyboard */,
				19D6139A28FEEAB600E032AD /* Assets.xcassets */,
				19D6139C28FEEAB600E032AD /* LaunchScreen.storyboard */,
				19D6139F28FEEAB600E032AD /* Info.plist */,
			);
			path = Hello;
			sourceTree = "<group>";
		};
		19D613A728FEEAB600E032AD /* HelloTests */ = {
			isa = PBXGroup;
			children = (
				19D613A828FEEAB600E032AD /* HelloTests.swift */,
			);
			path = HelloTests;
			sourceTree = "<group>";
		};
		19D613B128FEEAB600E032AD /* HelloUITests */ = {
			isa = PBXGroup;
			children = (
				19D613B228FEEAB600E032AD /* HelloUITests.swift */,
				19D613B428FEEAB600E032AD /* HelloUITestsLaunchTests.swift */,
			);
			path = HelloUITests;
			sourceTree = "<group>";
		};
/* End PBXGroup section */

/* Begin PBXNativeTarget section */
		19D6138D28FEEAB300E032AD /* Hello */ = {
			isa = PBXNativeTarget;
			buildConfigurationList = 19D613B828FEEAB600E032AD /* Build configuration list for PBXNativeTarget "Hello" */;
			buildPhases = (
				19D6138A28FEEAB300E032AD /* Sources */,
				19D6138B28FEEAB300E032AD /* Frameworks */,
				19D6138C28FEEAB300E032AD /* Resources */,
			);
			buildRules = (
			);
			dependencies = (
			);
			name = Hello;
			productName = Hello;
			productReference = 19D6138E28FEEAB300E032AD /* Hello.app */;
			productType = "com.apple.product-type.application";
		};
		19D613A328FEEAB600E032AD /* HelloTests */ = {
			isa = PBXNativeTarget;
			buildConfigurationList = 19D613BB28FEEAB600E032AD /* Build configuration list for PBXNativeTarget "HelloTests" */;
			buildPhases = (
				19D613A028FEEAB600E032AD /* Sources */,
				19D613A128FEEAB600E032AD /* Frameworks */,
				19D613A228FEEAB600E032AD /* Resources */,
			);
			buildRules = (
			);
			dependencies = (
				19D613A628FEEAB600E032AD /* PBXTargetDependency */,
			);
			name = HelloTests;
			productName = HelloTests;
			productReference = 19D613A428FEEAB600E032AD /* HelloTests.xctest */;
			productType = "com.apple.product-type.bundle.unit-test";
		};
		19D613AD28FEEAB600E032AD /* HelloUITests */ = {
			isa = PBXNativeTarget;
			buildConfigurationList = 19D613BE28FEEAB600E032AD /* Build configuration list for PBXNativeTarget "HelloUITests" */;
			buildPhases = (
				19D613AA28FEEAB600E032AD /* Sources */,
				19D613AB28FEEAB600E032AD /* Frameworks */,
				19D613AC28FEEAB600E032AD /* Resources */,
			);
			buildRules = (
			);
			dependencies = (
				19D613B028FEEAB600E032AD /* PBXTargetDependency */,
			);
			name = HelloUITests;
			productName = HelloUITests;
			productReference = 19D613AE28FEEAB600E032AD /* HelloUITests.xctest */;
			productType = "com.apple.product-type.bundle.ui-testing";
		};
/* End PBXNativeTarget section */

/* Begin PBXProject section */
		19D6138628FEEAB300E032AD /* Project object */ = {
			isa = PBXProject;
			attributes = {
				BuildIndependentTargetsInParallel = 1;
				LastSwiftUpdateCheck = 1310;
				LastUpgradeCheck = 1310;
				TargetAttributes = {
					19D6138D28FEEAB300E032AD = {
						CreatedOnToolsVersion = 13.1;
					};
					19D613A328FEEAB600E032AD = {
						CreatedOnToolsVersion = 13.1;
						TestTargetID = 19D6138D28FEEAB300E032AD;
					};
					19D613AD28FEEAB600E032AD = {
						CreatedOnToolsVersion = 13.1;
						TestTargetID = 19D6138D28FEEAB300E032AD;
					};
				};
			};
			buildConfigurationList = 19D6138928FEEAB300E032AD /* Build configuration list for PBXProject "Hello" */;
			compatibilityVersion = "Xcode 13.0";
			developmentRegion = en;
			hasScannedForEncodings = 0;
			knownRegions = (
				en,
				Base,
			);
			mainGroup = 19D6138528FEEAB300E032AD;
			productRefGroup = 19D6138F28FEEAB300E032AD /* Products */;
			projectDirPath = "";
			projectRoot = "";
			targets = (
				19D6138D28FEEAB300E032AD /* Hello */,
				19D613A328FEEAB600E032AD /* HelloTests */,
				19D613AD28FEEAB600E032AD /* HelloUITests */,
			);
		};
/* End PBXProject section */

/* Begin PBXResourcesBuildPhase section */
		19D6138C28FEEAB300E032AD /* Resources */ = {
			isa = PBXResourcesBuildPhase;
			buildActionMask = 2147483647;
			files = (
				19D6139E28FEEAB600E032AD /* LaunchScreen.storyboard in Resources */,
				19D6139B28FEEAB600E032AD /* Assets.xcassets in Resources */,
				19D6139928FEEAB300E032AD /* Main.storyboard in Resources */,
			);
			runOnlyForDeploymentPostprocessing = 0;
		};
		19D613A228FEEAB600E032AD /* Resources */ = {
			isa = PBXResourcesBuildPhase;
			buildActionMask = 2147483647;
			files = (
			);
			runOnlyForDeploymentPostprocessing = 0;
		};
		19D613AC28FEEAB600E032AD /* Resources */ = {
			isa = PBXResourcesBuildPhase;
			buildActionMask = 2147483647;
			files = (
			);
			runOnlyForDeploymentPostprocessing = 0;
		};
/* End PBXResourcesBuildPhase section */

/* Begin PBXSourcesBuildPhase section */
		19D6138A28FEEAB300E032AD /* Sources */ = {
			isa = PBXSourcesBuildPhase;
			buildActionMask = 2147483647;
			files = (
				19D6139628FEEAB300E032AD /* ViewController.swift in Sources */,
				19D6139228FEEAB300E032AD /* AppDelegate.swift in Sources */,
				19D6139428FEEAB300E032AD /* SceneDelegate.swift in Sources */,
				199A172E290107B5009CCB90 /* ListController.swift in Sources */,
			);
			runOnlyForDeploymentPostprocessing = 0;
		};
		19D613A028FEEAB600E032AD /* Sources */ = {
			isa = PBXSourcesBuildPhase;
			buildActionMask = 2147483647;
			files = (
				19D613A928FEEAB600E032AD /* HelloTests.swift in Sources */,
			);
			runOnlyForDeploymentPostprocessing = 0;
		};
		19D613AA28FEEAB600E032AD /* Sources */ = {
			isa = PBXSourcesBuildPhase;
			buildActionMask = 2147483647;
			files = (
				19D613B328FEEAB600E032AD /* HelloUITests.swift in Sources */,
				19D613B528FEEAB600E032AD /* HelloUITestsLaunchTests.swift in Sources */,
			);
			runOnlyForDeploymentPostprocessing = 0;
		};
/* End PBXSourcesBuildPhase section */

/* Begin PBXTargetDependency section */
		19D613A628FEEAB600E032AD /* PBXTargetDependency */ = {
			isa = PBXTargetDependency;
			target = 19D6138D28FEEAB300E032AD /* Hello */;
			targetProxy = 19D613A528FEEAB600E032AD /* PBXContainerItemProxy */;
		};
		19D613B028FEEAB600E032AD /* PBXTargetDependency */ = {
			isa = PBXTargetDependency;
			target = 19D6138D28FEEAB300E032AD /* Hello */;
			targetProxy = 19D613AF28FEEAB600E032AD /* PBXContainerItemProxy */;
		};
/* End PBXTargetDependency section */

/* Begin PBXVariantGroup section */
		19D6139728FEEAB300E032AD /* Main.storyboard */ = {
			isa = PBXVariantGroup;
			children = (
				19D6139828FEEAB300E032AD /* Base */,
			);
			name = Main.storyboard;
			sourceTree = "<group>";
		};
		19D6139C28FEEAB600E032AD /* LaunchScreen.storyboard */ = {
			isa = PBXVariantGroup;
			children = (
				19D6139D28FEEAB600E032AD /* Base */,
			);
			name = LaunchScreen.storyboard;
			sourceTree = "<group>";
		};
/* End PBXVariantGroup section */

/* Begin XCBuildConfiguration section */
		19D613B628FEEAB600E032AD /* Debug */ = {
			isa = XCBuildConfiguration;
			buildSettings = {
				ALWAYS_SEARCH_USER_PATHS = NO;
				CLANG_ANALYZER_NONNULL = YES;
				CLANG_ANALYZER_NUMBER_OBJECT_CONVERSION = YES_AGGRESSIVE;
				CLANG_CXX_LANGUAGE_STANDARD = "gnu++17";
				CLANG_CXX_LIBRARY = "libc++";
				CLANG_ENABLE_MODULES = YES;
				CLANG_ENABLE_OBJC_ARC = YES;
				CLANG_ENABLE_OBJC_WEAK = YES;
				CLANG_WARN_BLOCK_CAPTURE_AUTORELEASING = YES;
				CLANG_WARN_BOOL_CONVERSION = YES;
				CLANG_WARN_COMMA = YES;
				CLANG_WARN_CONSTANT_CONVERSION = YES;
				CLANG_WARN_DEPRECATED_OBJC_IMPLEMENTATIONS = YES;
				CLANG_WARN_DIRECT_OBJC_ISA_USAGE = YES_ERROR;
				CLANG_WARN_DOCUMENTATION_COMMENTS = YES;
				CLANG_WARN_EMPTY_BODY = YES;
				CLANG_WARN_ENUM_CONVERSION = YES;
				CLANG_WARN_INFINITE_RECURSION = YES;
				CLANG_WARN_INT_CONVERSION = YES;
				CLANG_WARN_NON_LITERAL_NULL_CONVERSION = YES;
				CLANG_WARN_OBJC_IMPLICIT_RETAIN_SELF = YES;
				CLANG_WARN_OBJC_LITERAL_CONVERSION = YES;
				CLANG_WARN_OBJC_ROOT_CLASS = YES_ERROR;
				CLANG_WARN_QUOTED_INCLUDE_IN_FRAMEWORK_HEADER = YES;
				CLANG_WARN_RANGE_LOOP_ANALYSIS = YES;
				CLANG_WARN_STRICT_PROTOTYPES = YES;
				CLANG_WARN_SUSPICIOUS_MOVE = YES;
				CLANG_WARN_UNGUARDED_AVAILABILITY = YES_AGGRESSIVE;
				CLANG_WARN_UNREACHABLE_CODE = YES;
				CLANG_WARN__DUPLICATE_METHOD_MATCH = YES;
				COPY_PHASE_STRIP = NO;
				DEBUG_INFORMATION_FORMAT = dwarf;
				ENABLE_STRICT_OBJC_MSGSEND = YES;
				ENABLE_TESTABILITY = YES;
				GCC_C_LANGUAGE_STANDARD = gnu11;
				GCC_DYNAMIC_NO_PIC = NO;
				GCC_NO_COMMON_BLOCKS = YES;
				GCC_OPTIMIZATION_LEVEL = 0;
				GCC_PREPROCESSOR_DEFINITIONS = (
					"DEBUG=1",
					"$(inherited)",
				);
				GCC_WARN_64_TO_32_BIT_CONVERSION = YES;
				GCC_WARN_ABOUT_RETURN_TYPE = YES_ERROR;
				GCC_WARN_UNDECLARED_SELECTOR = YES;
				GCC_WARN_UNINITIALIZED_AUTOS = YES_AGGRESSIVE;
				GCC_WARN_UNUSED_FUNCTION = YES;
				GCC_WARN_UNUSED_VARIABLE = YES;
				IPHONEOS_DEPLOYMENT_TARGET = 15.0;
				MTL_ENABLE_DEBUG_INFO = INCLUDE_SOURCE;
				MTL_FAST_MATH = YES;
				ONLY_ACTIVE_ARCH = YES;
				SDKROOT = iphoneos;
				SWIFT_ACTIVE_COMPILATION_CONDITIONS = DEBUG;
				SWIFT_OPTIMIZATION_LEVEL = "-Onone";
			};
			name = Debug;
		};
		19D613B728FEEAB600E032AD /* Release */ = {
			isa = XCBuildConfiguration;
			buildSettings = {
				ALWAYS_SEARCH_USER_PATHS = NO;
				CLANG_ANALYZER_NONNULL = YES;
				CLANG_ANALYZER_NUMBER_OBJECT_CONVERSION = YES_AGGRESSIVE;
				CLANG_CXX_LANGUAGE_STANDARD = "gnu++17";
				CLANG_CXX_LIBRARY = "libc++";
				CLANG_ENABLE_MODULES = YES;
				CLANG_ENABLE_OBJC_ARC = YES;
				CLANG_ENABLE_OBJC_WEAK = YES;
				CLANG_WARN_BLOCK_CAPTURE_AUTORELEASING = YES;
				CLANG_WARN_BOOL_CONVERSION = YES;
				CLANG_WARN_COMMA = YES;
				CLANG_WARN_CONSTANT_CONVERSION = YES;
				CLANG_WARN_DEPRECATED_OBJC_IMPLEMENTATIONS = YES;
				CLANG_WARN_DIRECT_OBJC_ISA_USAGE = YES_ERROR;
				CLANG_WARN_DOCUMENTATION_COMMENTS = YES;
				CLANG_WARN_EMPTY_BODY = YES;
				CLANG_WARN_ENUM_CONVERSION = YES;
				CLANG_WARN_INFINITE_RECURSION = YES;
				CLANG_WARN_INT_CONVERSION = YES;
				CLANG_WARN_NON_LITERAL_NULL_CONVERSION = YES;
				CLANG_WARN_OBJC_IMPLICIT_RETAIN_SELF = YES;
				CLANG_WARN_OBJC_LITERAL_CONVERSION = YES;
				CLANG_WARN_OBJC_ROOT_CLASS = YES_ERROR;
				CLANG_WARN_QUOTED_INCLUDE_IN_FRAMEWORK_HEADER = YES;
				CLANG_WARN_RANGE_LOOP_ANALYSIS = YES;
				CLANG_WARN_STRICT_PROTOTYPES = YES;
				CLANG_WARN_SUSPICIOUS_MOVE = YES;
				CLANG_WARN_UNGUARDED_AVAILABILITY = YES_AGGRESSIVE;
				CLANG_WARN_UNREACHABLE_CODE = YES;
				CLANG_WARN__DUPLICATE_METHOD_MATCH = YES;
				COPY_PHASE_STRIP = NO;
				DEBUG_INFORMATION_FORMAT = "dwarf-with-dsym";
				ENABLE_NS_ASSERTIONS = NO;
				ENABLE_STRICT_OBJC_MSGSEND = YES;
				GCC_C_LANGUAGE_STANDARD = gnu11;
				GCC_NO_COMMON_BLOCKS = YES;
				GCC_WARN_64_TO_32_BIT_CONVERSION = YES;
				GCC_WARN_ABOUT_RETURN_TYPE = YES_ERROR;
				GCC_WARN_UNDECLARED_SELECTOR = YES;
				GCC_WARN_UNINITIALIZED_AUTOS = YES_AGGRESSIVE;
				GCC_WARN_UNUSED_FUNCTION = YES;
				GCC_WARN_UNUSED_VARIABLE = YES;
				IPHONEOS_DEPLOYMENT_TARGET = 15.0;
				MTL_ENABLE_DEBUG_INFO = NO;
				MTL_FAST_MATH = YES;
				SDKROOT = iphoneos;
				SWIFT_COMPILATION_MODE = wholemodule;
				SWIFT_OPTIMIZATION_LEVEL = "-O";
				VALIDATE_PRODUCT = YES;
			};
			name = Release;
		};
		19D613B928FEEAB600E032AD /* Debug */ = {
			isa = XCBuildConfiguration;
			buildSettings = {
				ASSETCATALOG_COMPILER_APPICON_NAME = AppIcon;
				ASSETCATALOG_COMPILER_GLOBAL_ACCENT_COLOR_NAME = AccentColor;
				CODE_SIGN_STYLE = Automatic;
				CURRENT_PROJECT_VERSION = 1;
				DEVELOPMENT_TEAM = HJRL8JTX9Q;
				GENERATE_INFOPLIST_FILE = YES;
				INFOPLIST_FILE = Hello/Info.plist;
				INFOPLIST_KEY_UIApplicationSupportsIndirectInputEvents = YES;
				INFOPLIST_KEY_UILaunchStoryboardName = LaunchScreen;
				INFOPLIST_KEY_UIMainStoryboardFile = Main;
				INFOPLIST_KEY_UISupportedInterfaceOrientations_iPad = "UIInterfaceOrientationPortrait UIInterfaceOrientationPortraitUpsideDown UIInterfaceOrientationLandscapeLeft UIInterfaceOrientationLandscapeRight";
				INFOPLIST_KEY_UISupportedInterfaceOrientations_iPhone = "UIInterfaceOrientationPortrait UIInterfaceOrientationLandscapeLeft UIInterfaceOrientationLandscapeRight";
				LD_RUNPATH_SEARCH_PATHS = (
					"$(inherited)",
					"@executable_path/Frameworks",
				);
				MARKETING_VERSION = 1.0;
				PRODUCT_BUNDLE_IDENTIFIER = com.123.Hello1;
				PRODUCT_NAME = "$(TARGET_NAME)";
				SWIFT_EMIT_LOC_STRINGS = YES;
				SWIFT_VERSION = 5.0;
				TARGETED_DEVICE_FAMILY = "1,2";
			};
			name = Debug;
		};
		19D613BA28FEEAB600E032AD /* Release */ = {
			isa = XCBuildConfiguration;
			buildSettings = {
				ASSETCATALOG_COMPILER_APPICON_NAME = AppIcon;
				ASSETCATALOG_COMPILER_GLOBAL_ACCENT_COLOR_NAME = AccentColor;
				CODE_SIGN_STYLE = Automatic;
				CURRENT_PROJECT_VERSION = 1;
				DEVELOPMENT_TEAM = HJRL8JTX9Q;
				GENERATE_INFOPLIST_FILE = YES;
				INFOPLIST_FILE = Hello/Info.plist;
				INFOPLIST_KEY_UIApplicationSupportsIndirectInputEvents = YES;
				INFOPLIST_KEY_UILaunchStoryboardName = LaunchScreen;
				INFOPLIST_KEY_UIMainStoryboardFile = Main;
				INFOPLIST_KEY_UISupportedInterfaceOrientations_iPad = "UIInterfaceOrientationPortrait UIInterfaceOrientationPortraitUpsideDown UIInterfaceOrientationLandscapeLeft UIInterfaceOrientationLandscapeRight";
				INFOPLIST_KEY_UISupportedInterfaceOrientations_iPhone = "UIInterfaceOrientationPortrait UIInterfaceOrientationLandscapeLeft UIInterfaceOrientationLandscapeRight";
				LD_RUNPATH_SEARCH_PATHS = (
					"$(inherited)",
					"@executable_path/Frameworks",
				);
				MARKETING_VERSION = 1.0;
				PRODUCT_BUNDLE_IDENTIFIER = com.123.Hello1;
				PRODUCT_NAME = "$(TARGET_NAME)";
				SWIFT_EMIT_LOC_STRINGS = YES;
				SWIFT_VERSION = 5.0;
				TARGETED_DEVICE_FAMILY = "1,2";
			};
			name = Release;
		};
		19D613BC28FEEAB600E032AD /* Debug */ = {
			isa = XCBuildConfiguration;
			buildSettings = {
				ALWAYS_EMBED_SWIFT_STANDARD_LIBRARIES = YES;
				BUNDLE_LOADER = "$(TEST_HOST)";
				CODE_SIGN_STYLE = Automatic;
				CURRENT_PROJECT_VERSION = 1;
				DEVELOPMENT_TEAM = HJRL8JTX9Q;
				GENERATE_INFOPLIST_FILE = YES;
				IPHONEOS_DEPLOYMENT_TARGET = 15.0;
				LD_RUNPATH_SEARCH_PATHS = (
					"$(inherited)",
					"@executable_path/Frameworks",
					"@loader_path/Frameworks",
				);
				MARKETING_VERSION = 1.0;
				PRODUCT_BUNDLE_IDENTIFIER = com.123.HelloTests;
				PRODUCT_NAME = "$(TARGET_NAME)";
				SWIFT_EMIT_LOC_STRINGS = NO;
				SWIFT_VERSION = 5.0;
				TARGETED_DEVICE_FAMILY = "1,2";
				TEST_HOST = "$(BUILT_PRODUCTS_DIR)/Hello.app/Hello";
			};
			name = Debug;
		};
		19D613BD28FEEAB600E032AD /* Release */ = {
			isa = XCBuildConfiguration;
			buildSettings = {
				ALWAYS_EMBED_SWIFT_STANDARD_LIBRARIES = YES;
				BUNDLE_LOADER = "$(TEST_HOST)";
				CODE_SIGN_STYLE = Automatic;
				CURRENT_PROJECT_VERSION = 1;
				DEVELOPMENT_TEAM = HJRL8JTX9Q;
				GENERATE_INFOPLIST_FILE = YES;
				IPHONEOS_DEPLOYMENT_TARGET = 15.0;
				LD_RUNPATH_SEARCH_PATHS = (
					"$(inherited)",
					"@executable_path/Frameworks",
					"@loader_path/Frameworks",
				);
				MARKETING_VERSION = 1.0;
				PRODUCT_BUNDLE_IDENTIFIER = com.123.HelloTests;
				PRODUCT_NAME = "$(TARGET_NAME)";
				SWIFT_EMIT_LOC_STRINGS = NO;
				SWIFT_VERSION = 5.0;
				TARGETED_DEVICE_FAMILY = "1,2";
				TEST_HOST = "$(BUILT_PRODUCTS_DIR)/Hello.app/Hello";
			};
			name = Release;
		};
		19D613BF28FEEAB600E032AD /* Debug */ = {
			isa = XCBuildConfiguration;
			buildSettings = {
				ALWAYS_EMBED_SWIFT_STANDARD_LIBRARIES = YES;
				CODE_SIGN_STYLE = Automatic;
				CURRENT_PROJECT_VERSION = 1;
				DEVELOPMENT_TEAM = HJRL8JTX9Q;
				GENERATE_INFOPLIST_FILE = YES;
				LD_RUNPATH_SEARCH_PATHS = (
					"$(inherited)",
					"@executable_path/Frameworks",
					"@loader_path/Frameworks",
				);
				MARKETING_VERSION = 1.0;
				PRODUCT_BUNDLE_IDENTIFIER = com.123.HelloUITests;
				PRODUCT_NAME = "$(TARGET_NAME)";
				SWIFT_EMIT_LOC_STRINGS = NO;
				SWIFT_VERSION = 5.0;
				TARGETED_DEVICE_FAMILY = "1,2";
				TEST_TARGET_NAME = Hello;
			};
			name = Debug;
		};
		19D613C028FEEAB600E032AD /* Release */ = {
			isa = XCBuildConfiguration;
			buildSettings = {
				ALWAYS_EMBED_SWIFT_STANDARD_LIBRARIES = YES;
				CODE_SIGN_STYLE = Automatic;
				CURRENT_PROJECT_VERSION = 1;
				DEVELOPMENT_TEAM = HJRL8JTX9Q;
				GENERATE_INFOPLIST_FILE = YES;
				LD_RUNPATH_SEARCH_PATHS = (
					"$(inherited)",
					"@executable_path/Frameworks",
					"@loader_path/Frameworks",
				);
				MARKETING_VERSION = 1.0;
				PRODUCT_BUNDLE_IDENTIFIER = com.123.HelloUITests;
				PRODUCT_NAME = "$(TARGET_NAME)";
				SWIFT_EMIT_LOC_STRINGS = NO;
				SWIFT_VERSION = 5.0;
				TARGETED_DEVICE_FAMILY = "1,2";
				TEST_TARGET_NAME = Hello;
			};
			name = Release;
		};
/* End XCBuildConfiguration section */

/* Begin XCConfigurationList section */
		19D6138928FEEAB300E032AD /* Build configuration list for PBXProject "Hello" */ = {
			isa = XCConfigurationList;
			buildConfigurations = (
				19D613B628FEEAB600E032AD /* Debug */,
				19D613B728FEEAB600E032AD /* Release */,
			);
			defaultConfigurationIsVisible = 0;
			defaultConfigurationName = Release;
		};
		19D613B828FEEAB600E032AD /* Build configuration list for PBXNativeTarget "Hello" */ = {
			isa = XCConfigurationList;
			buildConfigurations = (
				19D613B928FEEAB600E032AD /* Debug */,
				19D613BA28FEEAB600E032AD /* Release */,
			);
			defaultConfigurationIsVisible = 0;
			defaultConfigurationName = Release;
		};
		19D613BB28FEEAB600E032AD /* Build configuration list for PBXNativeTarget "HelloTests" */ = {
			isa = XCConfigurationList;
			buildConfigurations = (
				19D613BC28FEEAB600E032AD /* Debug */,
				19D613BD28FEEAB600E032AD /* Release */,
			);
			defaultConfigurationIsVisible = 0;
			defaultConfigurationName = Release;
		};
		19D613BE28FEEAB600E032AD /* Build configuration list for PBXNativeTarget "HelloUITests" */ = {
			isa = XCConfigurationList;
			buildConfigurations = (
				19D613BF28FEEAB600E032AD /* Debug */,
				19D613C028FEEAB600E032AD /* Release */,
			);
			defaultConfigurationIsVisible = 0;
			defaultConfigurationName = Release;
		};
/* End XCConfigurationList section */
	};
	rootObject = 19D6138628FEEAB300E032AD /* Project object */;
}
